// !$*UTF8*$!
{
	archiveVersion = 1;
	classes = {
	};
	objectVersion = 46;
	objects = {

/* Begin PBXBuildFile section */
		87E37E2E1F510DCE004B718A /* AppDelegate.swift in Sources */ = {isa = PBXBuildFile; fileRef = 87E37E2D1F510DCE004B718A /* AppDelegate.swift */; };
		87E37E301F510DCE004B718A /* ViewController.swift in Sources */ = {isa = PBXBuildFile; fileRef = 87E37E2F1F510DCE004B718A /* ViewController.swift */; };
		87E37E331F510DCE004B718A /* Main.storyboard in Resources */ = {isa = PBXBuildFile; fileRef = 87E37E311F510DCE004B718A /* Main.storyboard */; };
		87E37E351F510DCE004B718A /* Assets.xcassets in Resources */ = {isa = PBXBuildFile; fileRef = 87E37E341F510DCE004B718A /* Assets.xcassets */; };
		87E37E381F510DCE004B718A /* LaunchScreen.storyboard in Resources */ = {isa = PBXBuildFile; fileRef = 87E37E361F510DCE004B718A /* LaunchScreen.storyboard */; };
		87E37E401F510E09004B718A /* LocationManager.swift in Sources */ = {isa = PBXBuildFile; fileRef = 87E37E3F1F510E09004B718A /* LocationManager.swift */; };
/* End PBXBuildFile section */

/* Begin PBXFileReference section */
		87E37E2A1F510DCE004B718A /* LocationDemo.app */ = {isa = PBXFileReference; explicitFileType = wrapper.application; includeInIndex = 0; path = LocationDemo.app; sourceTree = BUILT_PRODUCTS_DIR; };
		87E37E2D1F510DCE004B718A /* AppDelegate.swift */ = {isa = PBXFileReference; lastKnownFileType = sourcecode.swift; path = AppDelegate.swift; sourceTree = "<group>"; };
		87E37E2F1F510DCE004B718A /* ViewController.swift */ = {isa = PBXFileReference; lastKnownFileType = sourcecode.swift; path = ViewController.swift; sourceTree = "<group>"; };
		87E37E321F510DCE004B718A /* Base */ = {isa = PBXFileReference; lastKnownFileType = file.storyboard; name = Base; path = Base.lproj/Main.storyboard; sourceTree = "<group>"; };
		87E37E341F510DCE004B718A /* Assets.xcassets */ = {isa = PBXFileReference; lastKnownFileType = folder.assetcatalog; path = Assets.xcassets; sourceTree = "<group>"; };
		87E37E371F510DCE004B718A /* Base */ = {isa = PBXFileReference; lastKnownFileType = file.storyboard; name = Base; path = Base.lproj/LaunchScreen.storyboard; sourceTree = "<group>"; };
		87E37E391F510DCE004B718A /* Info.plist */ = {isa = PBXFileReference; lastKnownFileType = text.plist.xml; path = Info.plist; sourceTree = "<group>"; };
		87E37E3F1F510E09004B718A /* LocationManager.swift */ = {isa = PBXFileReference; fileEncoding = 4; lastKnownFileType = sourcecode.swift; path = LocationManager.swift; sourceTree = "<group>"; };
/* End PBXFileReference section */

/* Begin PBXFrameworksBuildPhase section */
		87E37E271F510DCE004B718A /* Frameworks */ = {
			isa = PBXFrameworksBuildPhase;
			buildActionMask = 2147483647;
			files = (
			);
			runOnlyForDeploymentPostprocessing = 0;
		};
/* End PBXFrameworksBuildPhase section */

/* Begin PBXGroup section */
		87E37E211F510DCE004B718A = {
			isa = PBXGroup;
			children = (
				87E37E2C1F510DCE004B718A /* LocationDemo */,
				87E37E2B1F510DCE004B718A /* Products */,
			);
			sourceTree = "<group>";
		};
		87E37E2B1F510DCE004B718A /* Products */ = {
			isa = PBXGroup;
			children = (
				87E37E2A1F510DCE004B718A /* LocationDemo.app */,
			);
			name = Products;
			sourceTree = "<group>";
		};
		87E37E2C1F510DCE004B718A /* LocationDemo */ = {
			isa = PBXGroup;
			children = (
				87E37E2D1F510DCE004B718A /* AppDelegate.swift */,
				87E37E2F1F510DCE004B718A /* ViewController.swift */,
				87E37E3F1F510E09004B718A /* LocationManager.swift */,
				87E37E311F510DCE004B718A /* Main.storyboard */,
				87E37E341F510DCE004B718A /* Assets.xcassets */,
				87E37E361F510DCE004B718A /* LaunchScreen.storyboard */,
				87E37E391F510DCE004B718A /* Info.plist */,
			);
			path = LocationDemo;
			sourceTree = "<group>";
		};
/* End PBXGroup section */

/* Begin PBXNativeTarget section */
		87E37E291F510DCE004B718A /* LocationDemo */ = {
			isa = PBXNativeTarget;
			buildConfigurationList = 87E37E3C1F510DCE004B718A /* Build configuration list for PBXNativeTarget "LocationDemo" */;
			buildPhases = (
				87E37E261F510DCE004B718A /* Sources */,
				87E37E271F510DCE004B718A /* Frameworks */,
				87E37E281F510DCE004B718A /* Resources */,
			);
			buildRules = (
			);
			dependencies = (
			);
			name = LocationDemo;
			productName = LocationDemo;
			productReference = 87E37E2A1F510DCE004B718A /* LocationDemo.app */;
			productType = "com.apple.product-type.application";
		};
/* End PBXNativeTarget section */

/* Begin PBXProject section */
		87E37E221F510DCE004B718A /* Project object */ = {
			isa = PBXProject;
			attributes = {
				LastSwiftUpdateCheck = 0830;
				LastUpgradeCheck = 0830;
				ORGANIZATIONNAME = hezongjiang;
				TargetAttributes = {
					87E37E291F510DCE004B718A = {
						CreatedOnToolsVersion = 8.3.3;
						DevelopmentTeam = 9BD4JA69D4;
						ProvisioningStyle = Automatic;
						SystemCapabilities = {
							com.apple.BackgroundModes = {
								enabled = 1;
							};
						};
					};
				};
			};
			buildConfigurationList = 87E37E251F510DCE004B718A /* Build configuration list for PBXProject "LocationDemo" */;
			compatibilityVersion = "Xcode 3.2";
			developmentRegion = English;
			hasScannedForEncodings = 0;
			knownRegions = (
				en,
				Base,
			);
			mainGroup = 87E37E211F510DCE004B718A;
			productRefGroup = 87E37E2B1F510DCE004B718A /* Products */;
			projectDirPath = "";
			projectRoot = "";
			targets = (
				87E37E291F510DCE004B718A /* LocationDemo */,
			);
		};
/* End PBXProject section */

/* Begin PBXResourcesBuildPhase section */
		87E37E281F510DCE004B718A /* Resources */ = {
			isa = PBXResourcesBuildPhase;
			buildActionMask = 2147483647;
			files = (
				87E37E381F510DCE004B718A /* LaunchScreen.storyboard in Resources */,
				87E37E351F510DCE004B718A /* Assets.xcassets in Resources */,
				87E37E331F510DCE004B718A /* Main.storyboard in Resources */,
			);
			runOnlyForDeploymentPostprocessing = 0;
		};
/* End PBXResourcesBuildPhase section */

/* Begin PBXSourcesBuildPhase section */
		87E37E261F510DCE004B718A /* Sources */ = {
			isa = PBXSourcesBuildPhase;
			buildActionMask = 2147483647;
			files = (
				87E37E401F510E09004B718A /* LocationManager.swift in Sources */,
				87E37E301F510DCE004B718A /* ViewController.swift in Sources */,
				87E37E2E1F510DCE004B718A /* AppDelegate.swift in Sources */,
			);
			runOnlyForDeploymentPostprocessing = 0;
		};
/* End PBXSourcesBuildPhase section */

/* Begin PBXVariantGroup section */
		87E37E311F510DCE004B718A /* Main.storyboard */ = {
			isa = PBXVariantGroup;
			children = (
				87E37E321F510DCE004B718A /* Base */,
			);
			name = Main.storyboard;
			sourceTree = "<group>";
		};
		87E37E361F510DCE004B718A /* LaunchScreen.storyboard */ = {
			isa = PBXVariantGroup;
			children = (
				87E37E371F510DCE004B718A /* Base */,
			);
			name = LaunchScreen.storyboard;
			sourceTree = "<group>";
		};
/* End PBXVariantGroup section */

/* Begin XCBuildConfiguration section */
		87E37E3A1F510DCE004B718A /* Debug */ = {
			isa = XCBuildConfiguration;
			buildSettings = {
				ALWAYS_SEARCH_USER_PATHS = NO;
				CLANG_ANALYZER_NONNULL = YES;
				CLANG_ANALYZER_NUMBER_OBJECT_CONVERSION = YES_AGGRESSIVE;
				CLANG_CXX_LANGUAGE_STANDARD = "gnu++0x";
				CLANG_CXX_LIBRARY = "libc++";
				CLANG_ENABLE_MODULES = YES;
				CLANG_ENABLE_OBJC_ARC = YES;
				CLANG_WARN_BOOL_CONVERSION = YES;
				CLANG_WARN_CONSTANT_CONVERSION = YES;
				CLANG_WARN_DIRECT_OBJC_ISA_USAGE = YES_ERROR;
				CLANG_WARN_DOCUMENTATION_COMMENTS = YES;
				CLANG_WARN_EMPTY_BODY = YES;
				CLANG_WARN_ENUM_CONVERSION = YES;
				CLANG_WARN_INFINITE_RECURSION = YES;
				CLANG_WARN_INT_CONVERSION = YES;
				CLANG_WARN_OBJC_ROOT_CLASS = YES_ERROR;
				CLANG_WARN_SUSPICIOUS_MOVE = YES;
				CLANG_WARN_UNREACHABLE_CODE = YES;
				CLANG_WARN__DUPLICATE_METHOD_MATCH = YES;
				"CODE_SIGN_IDENTITY[sdk=iphoneos*]" = "iPhone Developer";
				COPY_PHASE_STRIP = NO;
				DEBUG_INFORMATION_FORMAT = dwarf;
				ENABLE_STRICT_OBJC_MSGSEND = YES;
				ENABLE_TESTABILITY = YES;
				GCC_C_LANGUAGE_STANDARD = gnu99;
				GCC_DYNAMIC_NO_PIC = NO;
				GCC_NO_COMMON_BLOCKS = YES;
				GCC_OPTIMIZATION_LEVEL = 0;
				GCC_PREPROCESSOR_DEFINITIONS = (
					"DEBUG=1",
					"$(inherited)",
				);
				GCC_WARN_64_TO_32_BIT_CONVERSION = YES;
				GCC_WARN_ABOUT_RETURN_TYPE = YES_ERROR;
				GCC_WARN_UNDECLARED_SELECTOR = YES;
				GCC_WARN_UNINITIALIZED_AUTOS = YES_AGGRESSIVE;
				GCC_WARN_UNUSED_FUNCTION = YES;
				GCC_WARN_UNUSED_VARIABLE = YES;
				IPHONEOS_DEPLOYMENT_TARGET = 10.3;
				MTL_ENABLE_DEBUG_INFO = YES;
				ONLY_ACTIVE_ARCH = YES;
				SDKROOT = iphoneos;
				SWIFT_ACTIVE_COMPILATION_CONDITIONS = DEBUG;
				SWIFT_OPTIMIZATION_LEVEL = "-Onone";
				TARGETED_DEVICE_FAMILY = "1,2";
			};
			name = Debug;
		};
		87E37E3B1F510DCE004B718A /* Release */ = {
			isa = XCBuildConfiguration;
			buildSettings = {
				ALWAYS_SEARCH_USER_PATHS = NO;
				CLANG_ANALYZER_NONNULL = YES;
				CLANG_ANALYZER_NUMBER_OBJECT_CONVERSION = YES_AGGRESSIVE;
				CLANG_CXX_LANGUAGE_STANDARD = "gnu++0x";
				CLANG_CXX_LIBRARY = "libc++";
				CLANG_ENABLE_MODULES = YES;
				CLANG_ENABLE_OBJC_ARC = YES;
				CLANG_WARN_BOOL_CONVERSION = YES;
				CLANG_WARN_CONSTANT_CONVERSION = YES;
				CLANG_WARN_DIRECT_OBJC_ISA_USAGE = YES_ERROR;
				CLANG_WARN_DOCUMENTATION_COMMENTS = YES;
				CLANG_WARN_EMPTY_BODY = YES;
				CLANG_WARN_ENUM_CONVERSION = YES;
				CLANG_WARN_INFINITE_RECURSION = YES;
				CLANG_WARN_INT_CONVERSION = YES;
				CLANG_WARN_OBJC_ROOT_CLASS = YES_ERROR;
				CLANG_WARN_SUSPICIOUS_MOVE = YES;
				CLANG_WARN_UNREACHABLE_CODE = YES;
				CLANG_WARN__DUPLICATE_METHOD_MATCH = YES;
				"CODE_SIGN_IDENTITY[sdk=iphoneos*]" = "iPhone Developer";
				COPY_PHASE_STRIP = NO;
				DEBUG_INFORMATION_FORMAT = "dwarf-with-dsym";
				ENABLE_NS_ASSERTIONS = NO;
				ENABLE_STRICT_OBJC_MSGSEND = YES;
				GCC_C_LANGUAGE_STANDARD = gnu99;
				GCC_NO_COMMON_BLOCKS = YES;
				GCC_WARN_64_TO_32_BIT_CONVERSION = YES;
				GCC_WARN_ABOUT_RETURN_TYPE = YES_ERROR;
				GCC_WARN_UNDECLARED_SELECTOR = YES;
				GCC_WARN_UNINITIALIZED_AUTOS = YES_AGGRESSIVE;
				GCC_WARN_UNUSED_FUNCTION = YES;
				GCC_WARN_UNUSED_VARIABLE = YES;
				IPHONEOS_DEPLOYMENT_TARGET = 10.3;
				MTL_ENABLE_DEBUG_INFO = NO;
				SDKROOT = iphoneos;
				SWIFT_OPTIMIZATION_LEVEL = "-Owholemodule";
				TARGETED_DEVICE_FAMILY = "1,2";
				VALIDATE_PRODUCT = YES;
			};
			name = Release;
		};
		87E37E3D1F510DCE004B718A /* Debug */ = {
			isa = XCBuildConfiguration;
			buildSettings = {
				ASSETCATALOG_COMPILER_APPICON_NAME = AppIcon;
				DEVELOPMENT_TEAM = 9BD4JA69D4;
				INFOPLIST_FILE = LocationDemo/Info.plist;
				IPHONEOS_DEPLOYMENT_TARGET = 8.0;
				LD_RUNPATH_SEARCH_PATHS = "$(inherited) @executable_path/Frameworks";
				PRODUCT_BUNDLE_IDENTIFIER = kfit.LocationDemo;
				PRODUCT_NAME = "$(TARGET_NAME)";
				SWIFT_VERSION = 3.0;
			};
			name = Debug;
		};
		87E37E3E1F510DCE004B718A /* Release */ = {
			isa = XCBuildConfiguration;
			buildSettings = {
				ASSETCATALOG_COMPILER_APPICON_NAME = AppIcon;
				DEVELOPMENT_TEAM = 9BD4JA69D4;
				INFOPLIST_FILE = LocationDemo/Info.plist;
				IPHONEOS_DEPLOYMENT_TARGET = 8.0;
				LD_RUNPATH_SEARCH_PATHS = "$(inherited) @executable_path/Frameworks";
				PRODUCT_BUNDLE_IDENTIFIER = kfit.LocationDemo;
				PRODUCT_NAME = "$(TARGET_NAME)";
				SWIFT_VERSION = 3.0;
			};
			name = Release;
		};
/* End XCBuildConfiguration section */

/* Begin XCConfigurationList section */
		87E37E251F510DCE004B718A /* Build configuration list for PBXProject "LocationDemo" */ = {
			isa = XCConfigurationList;
			buildConfigurations = (
				87E37E3A1F510DCE004B718A /* Debug */,
				87E37E3B1F510DCE004B718A /* Release */,
			);
			defaultConfigurationIsVisible = 0;
			defaultConfigurationName = Release;
		};
		87E37E3C1F510DCE004B718A /* Build configuration list for PBXNativeTarget "LocationDemo" */ = {
			isa = XCConfigurationList;
			buildConfigurations = (
				87E37E3D1F510DCE004B718A /* Debug */,
				87E37E3E1F510DCE004B718A /* Release */,
			);
			defaultConfigurationIsVisible = 0;
			defaultConfigurationName = Release;
		};
/* End XCConfigurationList section */
	};
	rootObject = 87E37E221F510DCE004B718A /* Project object */;
}
